
Microsoft Visual Studio Solution File, Format Version 12.00
# Visual Studio Version 16
VisualStudioVersion = 16.0.31515.178
MinimumVisualStudioVersion = 10.0.40219.1
Project("{FAE04EC0-301F-11D3-BF4B-00C04F79EFBC}") = "TradingEngineServer", "TradingEngineServer.csproj", "{47B0C0A0-AE7D-4091-9236-E252A30BB156}"
EndProject
Global
	GlobalSection(SolutionConfigurationPlatforms) = preSolution
		Debug|Any CPU = Debug|Any CPU
		Release|Any CPU = Release|Any CPU
	EndGlobalSection
	GlobalSection(ProjectConfigurationPlatforms) = postSolution
		{47B0C0A0-AE7D-4091-9236-E252A30BB156}.Debug|Any CPU.ActiveCfg = Debug|Any CPU
		{47B0C0A0-AE7D-4091-9236-E252A30BB156}.Debug|Any CPU.Build.0 = Debug|Any CPU
		{47B0C0A0-AE7D-4091-9236-E252A30BB156}.Release|Any CPU.ActiveCfg = Release|Any CPU
		{47B0C0A0-AE7D-4091-9236-E252A30BB156}.Release|Any CPU.Build.0 = Release|Any CPU
	EndGlobalSection
	GlobalSection(SolutionProperties) = preSolution
		HideSolutionNode = FALSE
	EndGlobalSection
	GlobalSection(ExtensibilityGlobals) = postSolution
		SolutionGuid = {FCEDB40C-689D-455F-8329-D9370E6BADCF}
	EndGlobalSection
EndGlobal
